
Microsoft Visual Studio Solution File, Format Version 12.00
# Visual Studio Version 16
VisualStudioVersion = 16.0.33027.164
MinimumVisualStudioVersion = 10.0.40219.1
Project("{FAE04EC0-301F-11D3-BF4B-00C04F79EFBC}") = "WindowsFormsApp1", "WindowsFormsApp1\WindowsFormsApp1.csproj", "{D07D9C02-660F-46D3-89B1-18624F4733E2}"
EndProject
Global
	GlobalSection(SolutionConfigurationPlatforms) = preSolution
		Debug|Any CPU = Debug|Any CPU
		Release|Any CPU = Release|Any CPU
	EndGlobalSection
	GlobalSection(ProjectConfigurationPlatforms) = postSolution
		{D07D9C02-660F-46D3-89B1-18624F4733E2}.Debug|Any CPU.ActiveCfg = Debug|Any CPU
		{D07D9C02-660F-46D3-89B1-18624F4733E2}.Debug|Any CPU.Build.0 = Debug|Any CPU
		{D07D9C02-660F-46D3-89B1-18624F4733E2}.Release|Any CPU.ActiveCfg = Release|Any CPU
		{D07D9C02-660F-46D3-89B1-18624F4733E2}.Release|Any CPU.Build.0 = Release|Any CPU
	EndGlobalSection
	GlobalSection(SolutionProperties) = preSolution
		HideSolutionNode = FALSE
	EndGlobalSection
	GlobalSection(ExtensibilityGlobals) = postSolution
		SolutionGuid = {BE5CA0F9-7302-4E86-B073-28ECDCFEAC9A}
	EndGlobalSection
EndGlobal
